
Microsoft Visual Studio Solution File, Format Version 12.00
# Visual Studio 14
VisualStudioVersion = 14.0.23107.0
MinimumVisualStudioVersion = 10.0.40219.1
Project("{FAE04EC0-301F-11D3-BF4B-00C04F79EFBC}") = "WebMail", "WebMail\WebMail.csproj", "{BB8F497B-0188-400A-8CA0-DA978A42F5FC}"
EndProject
Global
	GlobalSection(SolutionConfigurationPlatforms) = preSolution
		Debug|Any CPU = Debug|Any CPU
		Release|Any CPU = Release|Any CPU
	EndGlobalSection
	GlobalSection(ProjectConfigurationPlatforms) = postSolution
		{BB8F497B-0188-400A-8CA0-DA978A42F5FC}.Debug|Any CPU.ActiveCfg = Debug|Any CPU
		{BB8F497B-0188-400A-8CA0-DA978A42F5FC}.Debug|Any CPU.Build.0 = Debug|Any CPU
		{BB8F497B-0188-400A-8CA0-DA978A42F5FC}.Release|Any CPU.ActiveCfg = Release|Any CPU
		{BB8F497B-0188-400A-8CA0-DA978A42F5FC}.Release|Any CPU.Build.0 = Release|Any CPU
	EndGlobalSection
	GlobalSection(SolutionProperties) = preSolution
		HideSolutionNode = FALSE
	EndGlobalSection
EndGlobal
